
Microsoft Visual Studio Solution File, Format Version 12.00
# Visual Studio Version 16
VisualStudioVersion = 16.0.30717.126
MinimumVisualStudioVersion = 10.0.40219.1
Project("{FAE04EC0-301F-11D3-BF4B-00C04F79EFBC}") = "Reloj Windows", "Reloj Windows\Reloj Windows.csproj", "{02EA31C5-8F52-4EE1-9DCA-4EF37052F70D}"
EndProject
Global
	GlobalSection(SolutionConfigurationPlatforms) = preSolution
		Debug|Any CPU = Debug|Any CPU
		Release|Any CPU = Release|Any CPU
	EndGlobalSection
	GlobalSection(ProjectConfigurationPlatforms) = postSolution
		{02EA31C5-8F52-4EE1-9DCA-4EF37052F70D}.Debug|Any CPU.ActiveCfg = Debug|Any CPU
		{02EA31C5-8F52-4EE1-9DCA-4EF37052F70D}.Debug|Any CPU.Build.0 = Debug|Any CPU
		{02EA31C5-8F52-4EE1-9DCA-4EF37052F70D}.Release|Any CPU.ActiveCfg = Release|Any CPU
		{02EA31C5-8F52-4EE1-9DCA-4EF37052F70D}.Release|Any CPU.Build.0 = Release|Any CPU
	EndGlobalSection
	GlobalSection(SolutionProperties) = preSolution
		HideSolutionNode = FALSE
	EndGlobalSection
	GlobalSection(ExtensibilityGlobals) = postSolution
		SolutionGuid = {D5D4D9A2-12C0-455B-98B5-13434417D172}
	EndGlobalSection
EndGlobal
